{
  "name": "picasso-tool",
  "version": "1.0.1",
  "lockfileVersion": 1,
  "requires": true,
  "dependencies": {
    "dayjs": {
      "version": "1.11.10",
      "resolved": "https://registry.npmmirror.com/dayjs/-/dayjs-1.11.10.tgz",
      "integrity": "sha512-vjAczensTgRcqDERK0SR2XMwsF/tSvnvlv6VcF2GIhg6Sx4yOIt/irsr1RDJsKiIyBzJDpCoXiWWq28MqH2cnQ=="
    },
    "wy_jstools": {
      "version": "1.0.1",
      "resolved": "https://registry.npmmirror.com/wy_jstools/-/wy_jstools-1.0.1.tgz",
      "integrity": "sha512-/Ap9dfzBKGWRC4akxIoXohWVC1XbnqgANx45nvd13jjIDaA+oBziv9AjQrVMDdH4DkLWi/xrU2NmMgVr/D5w5Q=="
    }
  }
}
